// !$*UTF8*$!
{
	archiveVersion = 1;
	classes = {
	};
	objectVersion = 50;
	objects = {

/* Begin PBXBuildFile section */
		630BFEFB21B6B05600D30DE2 /* ListViewViewController.swift in Sources */ = {isa = PBXBuildFile; fileRef = 630BFEFA21B6B05600D30DE2 /* ListViewViewController.swift */; };
		630BFEFD21B6B17700D30DE2 /* Constants.swift in Sources */ = {isa = PBXBuildFile; fileRef = 630BFEFC21B6B17700D30DE2 /* Constants.swift */; };
		630BFEFF21B6B1E300D30DE2 /* Person.swift in Sources */ = {isa = PBXBuildFile; fileRef = 630BFEFE21B6B1E300D30DE2 /* Person.swift */; };
		630BFF0121B6B2C200D30DE2 /* ListItem.swift in Sources */ = {isa = PBXBuildFile; fileRef = 630BFF0021B6B2C200D30DE2 /* ListItem.swift */; };
		630BFF0321B6D52600D30DE2 /* PersonCell.swift in Sources */ = {isa = PBXBuildFile; fileRef = 630BFF0221B6D52600D30DE2 /* PersonCell.swift */; };
		6327AE2622450740004B1BEF /* LoginViewController.swift in Sources */ = {isa = PBXBuildFile; fileRef = 6327AE2522450740004B1BEF /* LoginViewController.swift */; };
		6327AE282245074B004B1BEF /* SignupViewController.swift in Sources */ = {isa = PBXBuildFile; fileRef = 6327AE272245074B004B1BEF /* SignupViewController.swift */; };
		6327AE2A22451F08004B1BEF /* User.swift in Sources */ = {isa = PBXBuildFile; fileRef = 6327AE2922451F08004B1BEF /* User.swift */; };
		6327AE2C22452014004B1BEF /* List.swift in Sources */ = {isa = PBXBuildFile; fileRef = 6327AE2B22452014004B1BEF /* List.swift */; };
		6334957C21B86C3B00E8BA1E /* ItemObject.swift in Sources */ = {isa = PBXBuildFile; fileRef = 6334957B21B86C3B00E8BA1E /* ItemObject.swift */; };
		6344A0F321EFCF6A006EB97C /* ProductDetailViewController.swift in Sources */ = {isa = PBXBuildFile; fileRef = 6344A0F221EFCF6A006EB97C /* ProductDetailViewController.swift */; };
		6344A0F521EFD27B006EB97C /* ProductDetail.storyboard in Resources */ = {isa = PBXBuildFile; fileRef = 6344A0F421EFD27B006EB97C /* ProductDetail.storyboard */; };
		6344A0FA21EFE4FB006EB97C /* RoundedButton.swift in Sources */ = {isa = PBXBuildFile; fileRef = 6344A0F921EFE4FB006EB97C /* RoundedButton.swift */; };
		634ADB7321B85B5400175B28 /* SearchItemCell.swift in Sources */ = {isa = PBXBuildFile; fileRef = 634ADB7221B85B5400175B28 /* SearchItemCell.swift */; };
		634AE74E21B5DE2600281FE4 /* Bogle-Bold.otf in Resources */ = {isa = PBXBuildFile; fileRef = 634AE74821B5DE2500281FE4 /* Bogle-Bold.otf */; };
		634AE74F21B5DE2600281FE4 /* Bogle-BlackItalic.otf in Resources */ = {isa = PBXBuildFile; fileRef = 634AE74921B5DE2500281FE4 /* Bogle-BlackItalic.otf */; };
		634AE75021B5DE2600281FE4 /* Bogle-Black.otf in Resources */ = {isa = PBXBuildFile; fileRef = 634AE74A21B5DE2600281FE4 /* Bogle-Black.otf */; };
		634AE75121B5DE2600281FE4 /* Bogle-BoldItalic.otf in Resources */ = {isa = PBXBuildFile; fileRef = 634AE74B21B5DE2600281FE4 /* Bogle-BoldItalic.otf */; };
		634AE75221B5DE2600281FE4 /* Bogle-Regular.otf in Resources */ = {isa = PBXBuildFile; fileRef = 634AE74C21B5DE2600281FE4 /* Bogle-Regular.otf */; };
		634AE75321B5DE2600281FE4 /* Bogle-RegularItalic.otf in Resources */ = {isa = PBXBuildFile; fileRef = 634AE74D21B5DE2600281FE4 /* Bogle-RegularItalic.otf */; };
		634F641E21EFA4BB00F2F360 /* ListItemViewController.swift in Sources */ = {isa = PBXBuildFile; fileRef = 634F641D21EFA4BB00F2F360 /* ListItemViewController.swift */; };
		634F642021EFA90A00F2F360 /* AddPerson.storyboard in Resources */ = {isa = PBXBuildFile; fileRef = 634F641F21EFA90A00F2F360 /* AddPerson.storyboard */; };
		634F642221EFAEFF00F2F360 /* Items.storyboard in Resources */ = {isa = PBXBuildFile; fileRef = 634F642121EFAEFF00F2F360 /* Items.storyboard */; };
		637D09CB22495DBF009422BA /* CloudKit.framework in Frameworks */ = {isa = PBXBuildFile; fileRef = 637D09CA22495DBF009422BA /* CloudKit.framework */; };
		637E703621B846B5008A09D4 /* ItemsCell.swift in Sources */ = {isa = PBXBuildFile; fileRef = 637E703521B846B5008A09D4 /* ItemsCell.swift */; };
		6383C92821EFB4A900AC6FBA /* ProductSearch.storyboard in Resources */ = {isa = PBXBuildFile; fileRef = 6383C92721EFB4A900AC6FBA /* ProductSearch.storyboard */; };
		6383C92A21EFB67000AC6FBA /* ProductSearchViewController.swift in Sources */ = {isa = PBXBuildFile; fileRef = 6383C92921EFB67000AC6FBA /* ProductSearchViewController.swift */; };
		63C0A81C21B70EFA00DF0156 /* AddPersonViewController.swift in Sources */ = {isa = PBXBuildFile; fileRef = 63C0A81B21B70EFA00DF0156 /* AddPersonViewController.swift */; };
		63CA9EB921B5D8BB00DF7E70 /* AppDelegate.swift in Sources */ = {isa = PBXBuildFile; fileRef = 63CA9EB821B5D8BB00DF7E70 /* AppDelegate.swift */; };
		63CA9EBE21B5D8BB00DF7E70 /* Main.storyboard in Resources */ = {isa = PBXBuildFile; fileRef = 63CA9EBC21B5D8BB00DF7E70 /* Main.storyboard */; };
		63CA9EC021B5D8BC00DF7E70 /* Assets.xcassets in Resources */ = {isa = PBXBuildFile; fileRef = 63CA9EBF21B5D8BC00DF7E70 /* Assets.xcassets */; };
		63CA9EC321B5D8BC00DF7E70 /* LaunchScreen.storyboard in Resources */ = {isa = PBXBuildFile; fileRef = 63CA9EC121B5D8BC00DF7E70 /* LaunchScreen.storyboard */; };
		63F678EA2245460000DF066F /* ListSelectionViewController.swift in Sources */ = {isa = PBXBuildFile; fileRef = 63F678E92245460000DF066F /* ListSelectionViewController.swift */; };
		63F678EC2245508700DF066F /* ListView.storyboard in Resources */ = {isa = PBXBuildFile; fileRef = 63F678EB2245508700DF066F /* ListView.storyboard */; };
		63F678EE224550D300DF066F /* ListSelection.storyboard in Resources */ = {isa = PBXBuildFile; fileRef = 63F678ED224550D300DF066F /* ListSelection.storyboard */; };
/* End PBXBuildFile section */

/* Begin PBXFileReference section */
		630BFEFA21B6B05600D30DE2 /* ListViewViewController.swift */ = {isa = PBXFileReference; lastKnownFileType = sourcecode.swift; path = ListViewViewController.swift; sourceTree = "<group>"; };
		630BFEFC21B6B17700D30DE2 /* Constants.swift */ = {isa = PBXFileReference; lastKnownFileType = sourcecode.swift; path = Constants.swift; sourceTree = "<group>"; };
		630BFEFE21B6B1E300D30DE2 /* Person.swift */ = {isa = PBXFileReference; lastKnownFileType = sourcecode.swift; path = Person.swift; sourceTree = "<group>"; };
		630BFF0021B6B2C200D30DE2 /* ListItem.swift */ = {isa = PBXFileReference; lastKnownFileType = sourcecode.swift; path = ListItem.swift; sourceTree = "<group>"; };
		630BFF0221B6D52600D30DE2 /* PersonCell.swift */ = {isa = PBXFileReference; lastKnownFileType = sourcecode.swift; path = PersonCell.swift; sourceTree = "<group>"; };
		630D798122495CD000A08CBD /* WalmartWishList.entitlements */ = {isa = PBXFileReference; lastKnownFileType = text.plist.entitlements; path = WalmartWishList.entitlements; sourceTree = "<group>"; };
		6327AE2522450740004B1BEF /* LoginViewController.swift */ = {isa = PBXFileReference; lastKnownFileType = sourcecode.swift; path = LoginViewController.swift; sourceTree = "<group>"; };
		6327AE272245074B004B1BEF /* SignupViewController.swift */ = {isa = PBXFileReference; lastKnownFileType = sourcecode.swift; path = SignupViewController.swift; sourceTree = "<group>"; };
		6327AE2922451F08004B1BEF /* User.swift */ = {isa = PBXFileReference; lastKnownFileType = sourcecode.swift; path = User.swift; sourceTree = "<group>"; };
		6327AE2B22452014004B1BEF /* List.swift */ = {isa = PBXFileReference; lastKnownFileType = sourcecode.swift; path = List.swift; sourceTree = "<group>"; };
		6334957B21B86C3B00E8BA1E /* ItemObject.swift */ = {isa = PBXFileReference; lastKnownFileType = sourcecode.swift; path = ItemObject.swift; sourceTree = "<group>"; };
		6344A0F221EFCF6A006EB97C /* ProductDetailViewController.swift */ = {isa = PBXFileReference; lastKnownFileType = sourcecode.swift; path = ProductDetailViewController.swift; sourceTree = "<group>"; };
		6344A0F421EFD27B006EB97C /* ProductDetail.storyboard */ = {isa = PBXFileReference; fileEncoding = 4; lastKnownFileType = file.storyboard; path = ProductDetail.storyboard; sourceTree = "<group>"; };
		6344A0F921EFE4FB006EB97C /* RoundedButton.swift */ = {isa = PBXFileReference; lastKnownFileType = sourcecode.swift; path = RoundedButton.swift; sourceTree = "<group>"; };
		634ADB7221B85B5400175B28 /* SearchItemCell.swift */ = {isa = PBXFileReference; lastKnownFileType = sourcecode.swift; path = SearchItemCell.swift; sourceTree = "<group>"; };
		634AE74821B5DE2500281FE4 /* Bogle-Bold.otf */ = {isa = PBXFileReference; lastKnownFileType = file; path = "Bogle-Bold.otf"; sourceTree = "<group>"; };
		634AE74921B5DE2500281FE4 /* Bogle-BlackItalic.otf */ = {isa = PBXFileReference; lastKnownFileType = file; path = "Bogle-BlackItalic.otf"; sourceTree = "<group>"; };
		634AE74A21B5DE2600281FE4 /* Bogle-Black.otf */ = {isa = PBXFileReference; lastKnownFileType = file; path = "Bogle-Black.otf"; sourceTree = "<group>"; };
		634AE74B21B5DE2600281FE4 /* Bogle-BoldItalic.otf */ = {isa = PBXFileReference; lastKnownFileType = file; path = "Bogle-BoldItalic.otf"; sourceTree = "<group>"; };
		634AE74C21B5DE2600281FE4 /* Bogle-Regular.otf */ = {isa = PBXFileReference; lastKnownFileType = file; path = "Bogle-Regular.otf"; sourceTree = "<group>"; };
		634AE74D21B5DE2600281FE4 /* Bogle-RegularItalic.otf */ = {isa = PBXFileReference; lastKnownFileType = file; path = "Bogle-RegularItalic.otf"; sourceTree = "<group>"; };
		634F641D21EFA4BB00F2F360 /* ListItemViewController.swift */ = {isa = PBXFileReference; lastKnownFileType = sourcecode.swift; path = ListItemViewController.swift; sourceTree = "<group>"; };
		634F641F21EFA90A00F2F360 /* AddPerson.storyboard */ = {isa = PBXFileReference; fileEncoding = 4; lastKnownFileType = file.storyboard; path = AddPerson.storyboard; sourceTree = "<group>"; };
		634F642121EFAEFF00F2F360 /* Items.storyboard */ = {isa = PBXFileReference; fileEncoding = 4; lastKnownFileType = file.storyboard; path = Items.storyboard; sourceTree = "<group>"; };
		637D09CA22495DBF009422BA /* CloudKit.framework */ = {isa = PBXFileReference; lastKnownFileType = wrapper.framework; name = CloudKit.framework; path = System/Library/Frameworks/CloudKit.framework; sourceTree = SDKROOT; };
		637E703521B846B5008A09D4 /* ItemsCell.swift */ = {isa = PBXFileReference; lastKnownFileType = sourcecode.swift; path = ItemsCell.swift; sourceTree = "<group>"; };
		6383C92721EFB4A900AC6FBA /* ProductSearch.storyboard */ = {isa = PBXFileReference; fileEncoding = 4; lastKnownFileType = file.storyboard; path = ProductSearch.storyboard; sourceTree = "<group>"; };
		6383C92921EFB67000AC6FBA /* ProductSearchViewController.swift */ = {isa = PBXFileReference; lastKnownFileType = sourcecode.swift; path = ProductSearchViewController.swift; sourceTree = "<group>"; };
		63C0A81B21B70EFA00DF0156 /* AddPersonViewController.swift */ = {isa = PBXFileReference; lastKnownFileType = sourcecode.swift; path = AddPersonViewController.swift; sourceTree = "<group>"; };
		63CA9EB521B5D8BB00DF7E70 /* WalmartWishList.app */ = {isa = PBXFileReference; explicitFileType = wrapper.application; includeInIndex = 0; path = WalmartWishList.app; sourceTree = BUILT_PRODUCTS_DIR; };
		63CA9EB821B5D8BB00DF7E70 /* AppDelegate.swift */ = {isa = PBXFileReference; lastKnownFileType = sourcecode.swift; path = AppDelegate.swift; sourceTree = "<group>"; };
		63CA9EBD21B5D8BB00DF7E70 /* Base */ = {isa = PBXFileReference; lastKnownFileType = file.storyboard; name = Base; path = Base.lproj/Main.storyboard; sourceTree = "<group>"; };
		63CA9EBF21B5D8BC00DF7E70 /* Assets.xcassets */ = {isa = PBXFileReference; lastKnownFileType = folder.assetcatalog; path = Assets.xcassets; sourceTree = "<group>"; };
		63CA9EC221B5D8BC00DF7E70 /* Base */ = {isa = PBXFileReference; lastKnownFileType = file.storyboard; name = Base; path = Base.lproj/LaunchScreen.storyboard; sourceTree = "<group>"; };
		63CA9EC421B5D8BC00DF7E70 /* Info.plist */ = {isa = PBXFileReference; lastKnownFileType = text.plist.xml; path = Info.plist; sourceTree = "<group>"; };
		63F678E92245460000DF066F /* ListSelectionViewController.swift */ = {isa = PBXFileReference; lastKnownFileType = sourcecode.swift; path = ListSelectionViewController.swift; sourceTree = "<group>"; };
		63F678EB2245508700DF066F /* ListView.storyboard */ = {isa = PBXFileReference; fileEncoding = 4; lastKnownFileType = file.storyboard; path = ListView.storyboard; sourceTree = "<group>"; };
		63F678ED224550D300DF066F /* ListSelection.storyboard */ = {isa = PBXFileReference; fileEncoding = 4; lastKnownFileType = file.storyboard; path = ListSelection.storyboard; sourceTree = "<group>"; };
/* End PBXFileReference section */

/* Begin PBXFrameworksBuildPhase section */
		63CA9EB221B5D8BB00DF7E70 /* Frameworks */ = {
			isa = PBXFrameworksBuildPhase;
			buildActionMask = 2147483647;
			files = (
				637D09CB22495DBF009422BA /* CloudKit.framework in Frameworks */,
			);
			runOnlyForDeploymentPostprocessing = 0;
		};
/* End PBXFrameworksBuildPhase section */

/* Begin PBXGroup section */
		6344A0F621EFD62F006EB97C /* Custom Views */ = {
			isa = PBXGroup;
			children = (
				6344A0F921EFE4FB006EB97C /* RoundedButton.swift */,
			);
			path = "Custom Views";
			sourceTree = "<group>";
		};
		634AE74721B5DDFC00281FE4 /* Fonts */ = {
			isa = PBXGroup;
			children = (
				634AE74A21B5DE2600281FE4 /* Bogle-Black.otf */,
				634AE74921B5DE2500281FE4 /* Bogle-BlackItalic.otf */,
				634AE74821B5DE2500281FE4 /* Bogle-Bold.otf */,
				634AE74B21B5DE2600281FE4 /* Bogle-BoldItalic.otf */,
				634AE74C21B5DE2600281FE4 /* Bogle-Regular.otf */,
				634AE74D21B5DE2600281FE4 /* Bogle-RegularItalic.otf */,
			);
			path = Fonts;
			sourceTree = "<group>";
		};
		637E703221B83B54008A09D4 /* Cells */ = {
			isa = PBXGroup;
			children = (
				637E703521B846B5008A09D4 /* ItemsCell.swift */,
				630BFF0221B6D52600D30DE2 /* PersonCell.swift */,
				634ADB7221B85B5400175B28 /* SearchItemCell.swift */,
			);
			path = Cells;
			sourceTree = "<group>";
		};
		63CA9EAC21B5D8BB00DF7E70 = {
			isa = PBXGroup;
			children = (
				63CA9EB721B5D8BB00DF7E70 /* WalmartWishList */,
				63CA9EB621B5D8BB00DF7E70 /* Products */,
				A6CF1BF64C31441CA9681612 /* Frameworks */,
			);
			sourceTree = "<group>";
		};
		63CA9EB621B5D8BB00DF7E70 /* Products */ = {
			isa = PBXGroup;
			children = (
				63CA9EB521B5D8BB00DF7E70 /* WalmartWishList.app */,
			);
			name = Products;
			sourceTree = "<group>";
		};
		63CA9EB721B5D8BB00DF7E70 /* WalmartWishList */ = {
			isa = PBXGroup;
			children = (
				630D798122495CD000A08CBD /* WalmartWishList.entitlements */,
				63CA9ECE21B5D91D00DF7E70 /* Model */,
				63CA9ECD21B5D91600DF7E70 /* View */,
				63CA9ECC21B5D90D00DF7E70 /* Controller */,
				63CA9ECA21B5D8C500DF7E70 /* Supporting Files */,
			);
			path = WalmartWishList;
			sourceTree = "<group>";
		};
		63CA9ECA21B5D8C500DF7E70 /* Supporting Files */ = {
			isa = PBXGroup;
			children = (
				634AE74721B5DDFC00281FE4 /* Fonts */,
				63CA9EB821B5D8BB00DF7E70 /* AppDelegate.swift */,
				63CA9EBF21B5D8BC00DF7E70 /* Assets.xcassets */,
				63CA9EC421B5D8BC00DF7E70 /* Info.plist */,
			);
			path = "Supporting Files";
			sourceTree = "<group>";
		};
		63CA9ECB21B5D8FE00DF7E70 /* Storyboards */ = {
			isa = PBXGroup;
			children = (
				63F678ED224550D300DF066F /* ListSelection.storyboard */,
				63F678EB2245508700DF066F /* ListView.storyboard */,
				634F642121EFAEFF00F2F360 /* Items.storyboard */,
				6383C92721EFB4A900AC6FBA /* ProductSearch.storyboard */,
				6344A0F421EFD27B006EB97C /* ProductDetail.storyboard */,
				63CA9EC121B5D8BC00DF7E70 /* LaunchScreen.storyboard */,
				634F641F21EFA90A00F2F360 /* AddPerson.storyboard */,
				63CA9EBC21B5D8BB00DF7E70 /* Main.storyboard */,
			);
			path = Storyboards;
			sourceTree = "<group>";
		};
		63CA9ECC21B5D90D00DF7E70 /* Controller */ = {
			isa = PBXGroup;
			children = (
				63C0A81B21B70EFA00DF0156 /* AddPersonViewController.swift */,
				630BFEFA21B6B05600D30DE2 /* ListViewViewController.swift */,
				634F641D21EFA4BB00F2F360 /* ListItemViewController.swift */,
				6383C92921EFB67000AC6FBA /* ProductSearchViewController.swift */,
				6344A0F221EFCF6A006EB97C /* ProductDetailViewController.swift */,
				6327AE2522450740004B1BEF /* LoginViewController.swift */,
				6327AE272245074B004B1BEF /* SignupViewController.swift */,
				63F678E92245460000DF066F /* ListSelectionViewController.swift */,
			);
			path = Controller;
			sourceTree = "<group>";
		};
		63CA9ECD21B5D91600DF7E70 /* View */ = {
			isa = PBXGroup;
			children = (
				6344A0F621EFD62F006EB97C /* Custom Views */,
				637E703221B83B54008A09D4 /* Cells */,
				63CA9ECB21B5D8FE00DF7E70 /* Storyboards */,
			);
			path = View;
			sourceTree = "<group>";
		};
		63CA9ECE21B5D91D00DF7E70 /* Model */ = {
			isa = PBXGroup;
			children = (
				630BFEFC21B6B17700D30DE2 /* Constants.swift */,
				6334957B21B86C3B00E8BA1E /* ItemObject.swift */,
				630BFF0021B6B2C200D30DE2 /* ListItem.swift */,
				630BFEFE21B6B1E300D30DE2 /* Person.swift */,
				6327AE2922451F08004B1BEF /* User.swift */,
				6327AE2B22452014004B1BEF /* List.swift */,
			);
			path = Model;
			sourceTree = "<group>";
		};
		A6CF1BF64C31441CA9681612 /* Frameworks */ = {
			isa = PBXGroup;
			children = (
				637D09CA22495DBF009422BA /* CloudKit.framework */,
			);
			name = Frameworks;
			sourceTree = "<group>";
		};
/* End PBXGroup section */

/* Begin PBXNativeTarget section */
		63CA9EB421B5D8BB00DF7E70 /* WalmartWishList */ = {
			isa = PBXNativeTarget;
			buildConfigurationList = 63CA9EC721B5D8BC00DF7E70 /* Build configuration list for PBXNativeTarget "WalmartWishList" */;
			buildPhases = (
				63CA9EB121B5D8BB00DF7E70 /* Sources */,
				63CA9EB221B5D8BB00DF7E70 /* Frameworks */,
				63CA9EB321B5D8BB00DF7E70 /* Resources */,
			);
			buildRules = (
			);
			dependencies = (
			);
			name = WalmartWishList;
			productName = WalmartWishList;
			productReference = 63CA9EB521B5D8BB00DF7E70 /* WalmartWishList.app */;
			productType = "com.apple.product-type.application";
		};
/* End PBXNativeTarget section */

/* Begin PBXProject section */
		63CA9EAD21B5D8BB00DF7E70 /* Project object */ = {
			isa = PBXProject;
			attributes = {
				LastSwiftUpdateCheck = 1010;
				LastUpgradeCheck = 1010;
				ORGANIZATIONNAME = "Chad A. Rutherford";
				TargetAttributes = {
					63CA9EB421B5D8BB00DF7E70 = {
						CreatedOnToolsVersion = 10.1;
						LastSwiftMigration = 1020;
						SystemCapabilities = {
							com.apple.Push = {
								enabled = 1;
							};
							com.apple.iCloud = {
								enabled = 1;
							};
						};
					};
				};
			};
			buildConfigurationList = 63CA9EB021B5D8BB00DF7E70 /* Build configuration list for PBXProject "WalmartWishList" */;
			compatibilityVersion = "Xcode 9.3";
			developmentRegion = en;
			hasScannedForEncodings = 0;
			knownRegions = (
				en,
				Base,
			);
			mainGroup = 63CA9EAC21B5D8BB00DF7E70;
			productRefGroup = 63CA9EB621B5D8BB00DF7E70 /* Products */;
			projectDirPath = "";
			projectRoot = "";
			targets = (
				63CA9EB421B5D8BB00DF7E70 /* WalmartWishList */,
			);
		};
/* End PBXProject section */

/* Begin PBXResourcesBuildPhase section */
		63CA9EB321B5D8BB00DF7E70 /* Resources */ = {
			isa = PBXResourcesBuildPhase;
			buildActionMask = 2147483647;
			files = (
				634AE75221B5DE2600281FE4 /* Bogle-Regular.otf in Resources */,
				63F678EE224550D300DF066F /* ListSelection.storyboard in Resources */,
				634AE74E21B5DE2600281FE4 /* Bogle-Bold.otf in Resources */,
				634AE75021B5DE2600281FE4 /* Bogle-Black.otf in Resources */,
				634AE75321B5DE2600281FE4 /* Bogle-RegularItalic.otf in Resources */,
				634AE74F21B5DE2600281FE4 /* Bogle-BlackItalic.otf in Resources */,
				6344A0F521EFD27B006EB97C /* ProductDetail.storyboard in Resources */,
				6383C92821EFB4A900AC6FBA /* ProductSearch.storyboard in Resources */,
				63F678EC2245508700DF066F /* ListView.storyboard in Resources */,
				63CA9EC321B5D8BC00DF7E70 /* LaunchScreen.storyboard in Resources */,
				634AE75121B5DE2600281FE4 /* Bogle-BoldItalic.otf in Resources */,
				63CA9EC021B5D8BC00DF7E70 /* Assets.xcassets in Resources */,
				63CA9EBE21B5D8BB00DF7E70 /* Main.storyboard in Resources */,
				634F642221EFAEFF00F2F360 /* Items.storyboard in Resources */,
				634F642021EFA90A00F2F360 /* AddPerson.storyboard in Resources */,
			);
			runOnlyForDeploymentPostprocessing = 0;
		};
/* End PBXResourcesBuildPhase section */

/* Begin PBXSourcesBuildPhase section */
		63CA9EB121B5D8BB00DF7E70 /* Sources */ = {
			isa = PBXSourcesBuildPhase;
			buildActionMask = 2147483647;
			files = (
				637E703621B846B5008A09D4 /* ItemsCell.swift in Sources */,
				6334957C21B86C3B00E8BA1E /* ItemObject.swift in Sources */,
				6383C92A21EFB67000AC6FBA /* ProductSearchViewController.swift in Sources */,
				6327AE2622450740004B1BEF /* LoginViewController.swift in Sources */,
				634ADB7321B85B5400175B28 /* SearchItemCell.swift in Sources */,
				6344A0F321EFCF6A006EB97C /* ProductDetailViewController.swift in Sources */,
				630BFF0321B6D52600D30DE2 /* PersonCell.swift in Sources */,
				6327AE2A22451F08004B1BEF /* User.swift in Sources */,
				630BFF0121B6B2C200D30DE2 /* ListItem.swift in Sources */,
				63CA9EB921B5D8BB00DF7E70 /* AppDelegate.swift in Sources */,
				634F641E21EFA4BB00F2F360 /* ListItemViewController.swift in Sources */,
				6327AE282245074B004B1BEF /* SignupViewController.swift in Sources */,
				630BFEFB21B6B05600D30DE2 /* ListViewViewController.swift in Sources */,
				630BFEFF21B6B1E300D30DE2 /* Person.swift in Sources */,
				6344A0FA21EFE4FB006EB97C /* RoundedButton.swift in Sources */,
				630BFEFD21B6B17700D30DE2 /* Constants.swift in Sources */,
				63C0A81C21B70EFA00DF0156 /* AddPersonViewController.swift in Sources */,
				6327AE2C22452014004B1BEF /* List.swift in Sources */,
				63F678EA2245460000DF066F /* ListSelectionViewController.swift in Sources */,
			);
			runOnlyForDeploymentPostprocessing = 0;
		};
/* End PBXSourcesBuildPhase section */

/* Begin PBXVariantGroup section */
		63CA9EBC21B5D8BB00DF7E70 /* Main.storyboard */ = {
			isa = PBXVariantGroup;
			children = (
				63CA9EBD21B5D8BB00DF7E70 /* Base */,
			);
			name = Main.storyboard;
			sourceTree = "<group>";
		};
		63CA9EC121B5D8BC00DF7E70 /* LaunchScreen.storyboard */ = {
			isa = PBXVariantGroup;
			children = (
				63CA9EC221B5D8BC00DF7E70 /* Base */,
			);
			name = LaunchScreen.storyboard;
			sourceTree = "<group>";
		};
/* End PBXVariantGroup section */

/* Begin XCBuildConfiguration section */
		63CA9EC521B5D8BC00DF7E70 /* Debug */ = {
			isa = XCBuildConfiguration;
			buildSettings = {
				ALWAYS_SEARCH_USER_PATHS = NO;
				CLANG_ANALYZER_NONNULL = YES;
				CLANG_ANALYZER_NUMBER_OBJECT_CONVERSION = YES_AGGRESSIVE;
				CLANG_CXX_LANGUAGE_STANDARD = "gnu++14";
				CLANG_CXX_LIBRARY = "libc++";
				CLANG_ENABLE_MODULES = YES;
				CLANG_ENABLE_OBJC_ARC = YES;
				CLANG_ENABLE_OBJC_WEAK = YES;
				CLANG_WARN_BLOCK_CAPTURE_AUTORELEASING = YES;
				CLANG_WARN_BOOL_CONVERSION = YES;
				CLANG_WARN_COMMA = YES;
				CLANG_WARN_CONSTANT_CONVERSION = YES;
				CLANG_WARN_DEPRECATED_OBJC_IMPLEMENTATIONS = YES;
				CLANG_WARN_DIRECT_OBJC_ISA_USAGE = YES_ERROR;
				CLANG_WARN_DOCUMENTATION_COMMENTS = YES;
				CLANG_WARN_EMPTY_BODY = YES;
				CLANG_WARN_ENUM_CONVERSION = YES;
				CLANG_WARN_INFINITE_RECURSION = YES;
				CLANG_WARN_INT_CONVERSION = YES;
				CLANG_WARN_NON_LITERAL_NULL_CONVERSION = YES;
				CLANG_WARN_OBJC_IMPLICIT_RETAIN_SELF = YES;
				CLANG_WARN_OBJC_LITERAL_CONVERSION = YES;
				CLANG_WARN_OBJC_ROOT_CLASS = YES_ERROR;
				CLANG_WARN_RANGE_LOOP_ANALYSIS = YES;
				CLANG_WARN_STRICT_PROTOTYPES = YES;
				CLANG_WARN_SUSPICIOUS_MOVE = YES;
				CLANG_WARN_UNGUARDED_AVAILABILITY = YES_AGGRESSIVE;
				CLANG_WARN_UNREACHABLE_CODE = YES;
				CLANG_WARN__DUPLICATE_METHOD_MATCH = YES;
				CODE_SIGN_IDENTITY = "iPhone Developer";
				COPY_PHASE_STRIP = NO;
				DEBUG_INFORMATION_FORMAT = dwarf;
				ENABLE_STRICT_OBJC_MSGSEND = YES;
				ENABLE_TESTABILITY = YES;
				GCC_C_LANGUAGE_STANDARD = gnu11;
				GCC_DYNAMIC_NO_PIC = NO;
				GCC_NO_COMMON_BLOCKS = YES;
				GCC_OPTIMIZATION_LEVEL = 0;
				GCC_PREPROCESSOR_DEFINITIONS = (
					"DEBUG=1",
					"$(inherited)",
				);
				GCC_WARN_64_TO_32_BIT_CONVERSION = YES;
				GCC_WARN_ABOUT_RETURN_TYPE = YES_ERROR;
				GCC_WARN_UNDECLARED_SELECTOR = YES;
				GCC_WARN_UNINITIALIZED_AUTOS = YES_AGGRESSIVE;
				GCC_WARN_UNUSED_FUNCTION = YES;
				GCC_WARN_UNUSED_VARIABLE = YES;
				IPHONEOS_DEPLOYMENT_TARGET = 12.1;
				MTL_ENABLE_DEBUG_INFO = INCLUDE_SOURCE;
				MTL_FAST_MATH = YES;
				ONLY_ACTIVE_ARCH = YES;
				SDKROOT = iphoneos;
				SWIFT_ACTIVE_COMPILATION_CONDITIONS = DEBUG;
				SWIFT_OPTIMIZATION_LEVEL = "-Onone";
			};
			name = Debug;
		};
		63CA9EC621B5D8BC00DF7E70 /* Release */ = {
			isa = XCBuildConfiguration;
			buildSettings = {
				ALWAYS_SEARCH_USER_PATHS = NO;
				CLANG_ANALYZER_NONNULL = YES;
				CLANG_ANALYZER_NUMBER_OBJECT_CONVERSION = YES_AGGRESSIVE;
				CLANG_CXX_LANGUAGE_STANDARD = "gnu++14";
				CLANG_CXX_LIBRARY = "libc++";
				CLANG_ENABLE_MODULES = YES;
				CLANG_ENABLE_OBJC_ARC = YES;
				CLANG_ENABLE_OBJC_WEAK = YES;
				CLANG_WARN_BLOCK_CAPTURE_AUTORELEASING = YES;
				CLANG_WARN_BOOL_CONVERSION = YES;
				CLANG_WARN_COMMA = YES;
				CLANG_WARN_CONSTANT_CONVERSION = YES;
				CLANG_WARN_DEPRECATED_OBJC_IMPLEMENTATIONS = YES;
				CLANG_WARN_DIRECT_OBJC_ISA_USAGE = YES_ERROR;
				CLANG_WARN_DOCUMENTATION_COMMENTS = YES;
				CLANG_WARN_EMPTY_BODY = YES;
				CLANG_WARN_ENUM_CONVERSION = YES;
				CLANG_WARN_INFINITE_RECURSION = YES;
				CLANG_WARN_INT_CONVERSION = YES;
				CLANG_WARN_NON_LITERAL_NULL_CONVERSION = YES;
				CLANG_WARN_OBJC_IMPLICIT_RETAIN_SELF = YES;
				CLANG_WARN_OBJC_LITERAL_CONVERSION = YES;
				CLANG_WARN_OBJC_ROOT_CLASS = YES_ERROR;
				CLANG_WARN_RANGE_LOOP_ANALYSIS = YES;
				CLANG_WARN_STRICT_PROTOTYPES = YES;
				CLANG_WARN_SUSPICIOUS_MOVE = YES;
				CLANG_WARN_UNGUARDED_AVAILABILITY = YES_AGGRESSIVE;
				CLANG_WARN_UNREACHABLE_CODE = YES;
				CLANG_WARN__DUPLICATE_METHOD_MATCH = YES;
				CODE_SIGN_IDENTITY = "iPhone Developer";
				COPY_PHASE_STRIP = NO;
				DEBUG_INFORMATION_FORMAT = "dwarf-with-dsym";
				ENABLE_NS_ASSERTIONS = NO;
				ENABLE_STRICT_OBJC_MSGSEND = YES;
				GCC_C_LANGUAGE_STANDARD = gnu11;
				GCC_NO_COMMON_BLOCKS = YES;
				GCC_WARN_64_TO_32_BIT_CONVERSION = YES;
				GCC_WARN_ABOUT_RETURN_TYPE = YES_ERROR;
				GCC_WARN_UNDECLARED_SELECTOR = YES;
				GCC_WARN_UNINITIALIZED_AUTOS = YES_AGGRESSIVE;
				GCC_WARN_UNUSED_FUNCTION = YES;
				GCC_WARN_UNUSED_VARIABLE = YES;
				IPHONEOS_DEPLOYMENT_TARGET = 12.1;
				MTL_ENABLE_DEBUG_INFO = NO;
				MTL_FAST_MATH = YES;
				SDKROOT = iphoneos;
				SWIFT_COMPILATION_MODE = wholemodule;
				SWIFT_OPTIMIZATION_LEVEL = "-O";
				VALIDATE_PRODUCT = YES;
			};
			name = Release;
		};
		63CA9EC821B5D8BC00DF7E70 /* Debug */ = {
			isa = XCBuildConfiguration;
			buildSettings = {
				ASSETCATALOG_COMPILER_APPICON_NAME = AppIcon;
				CODE_SIGN_ENTITLEMENTS = WalmartWishList/WalmartWishList.entitlements;
				CODE_SIGN_STYLE = Automatic;
				DEVELOPMENT_TEAM = P7DFWNNEL3;
				INFOPLIST_FILE = "$(SRCROOT)/WalmartWishList/Supporting Files/Info.plist";
				LD_RUNPATH_SEARCH_PATHS = (
					"$(inherited)",
					"@executable_path/Frameworks",
				);
				PRODUCT_BUNDLE_IDENTIFIER = com.chadarutherford.WalmartWishList;
				PRODUCT_NAME = "$(TARGET_NAME)";
				SWIFT_VERSION = 5.0;
				TARGETED_DEVICE_FAMILY = "1,2";
			};
			name = Debug;
		};
		63CA9EC921B5D8BC00DF7E70 /* Release */ = {
			isa = XCBuildConfiguration;
			buildSettings = {
				ASSETCATALOG_COMPILER_APPICON_NAME = AppIcon;
				CODE_SIGN_ENTITLEMENTS = WalmartWishList/WalmartWishList.entitlements;
				CODE_SIGN_STYLE = Automatic;
				DEVELOPMENT_TEAM = P7DFWNNEL3;
				INFOPLIST_FILE = "$(SRCROOT)/WalmartWishList/Supporting Files/Info.plist";
				LD_RUNPATH_SEARCH_PATHS = (
					"$(inherited)",
					"@executable_path/Frameworks",
				);
				PRODUCT_BUNDLE_IDENTIFIER = com.chadarutherford.WalmartWishList;
				PRODUCT_NAME = "$(TARGET_NAME)";
				SWIFT_VERSION = 5.0;
				TARGETED_DEVICE_FAMILY = "1,2";
			};
			name = Release;
		};
/* End XCBuildConfiguration section */

/* Begin XCConfigurationList section */
		63CA9EB021B5D8BB00DF7E70 /* Build configuration list for PBXProject "WalmartWishList" */ = {
			isa = XCConfigurationList;
			buildConfigurations = (
				63CA9EC521B5D8BC00DF7E70 /* Debug */,
				63CA9EC621B5D8BC00DF7E70 /* Release */,
			);
			defaultConfigurationIsVisible = 0;
			defaultConfigurationName = Release;
		};
		63CA9EC721B5D8BC00DF7E70 /* Build configuration list for PBXNativeTarget "WalmartWishList" */ = {
			isa = XCConfigurationList;
			buildConfigurations = (
				63CA9EC821B5D8BC00DF7E70 /* Debug */,
				63CA9EC921B5D8BC00DF7E70 /* Release */,
			);
			defaultConfigurationIsVisible = 0;
			defaultConfigurationName = Release;
		};
/* End XCConfigurationList section */
	};
	rootObject = 63CA9EAD21B5D8BB00DF7E70 /* Project object */;
}
