// !$*UTF8*$!
{
	archiveVersion = 1;
	classes = {
	};
	objectVersion = 50;
	objects = {

/* Begin PBXBuildFile section */
		0FDB54B9AF451DEF15F08A95 /* Pods_WalmartWishList.framework in Frameworks */ = {isa = PBXBuildFile; fileRef = F7416D87F2C912E1D3AE7490 /* Pods_WalmartWishList.framework */; };
		630BFEFB21B6B05600D30DE2 /* ListSelectionViewController.swift in Sources */ = {isa = PBXBuildFile; fileRef = 630BFEFA21B6B05600D30DE2 /* ListSelectionViewController.swift */; };
		630BFEFD21B6B17700D30DE2 /* Constants.swift in Sources */ = {isa = PBXBuildFile; fileRef = 630BFEFC21B6B17700D30DE2 /* Constants.swift */; };
		630BFEFF21B6B1E300D30DE2 /* Person.swift in Sources */ = {isa = PBXBuildFile; fileRef = 630BFEFE21B6B1E300D30DE2 /* Person.swift */; };
		630BFF0121B6B2C200D30DE2 /* ListItem.swift in Sources */ = {isa = PBXBuildFile; fileRef = 630BFF0021B6B2C200D30DE2 /* ListItem.swift */; };
		630BFF0321B6D52600D30DE2 /* PersonCell.swift in Sources */ = {isa = PBXBuildFile; fileRef = 630BFF0221B6D52600D30DE2 /* PersonCell.swift */; };
		6334957C21B86C3B00E8BA1E /* ItemObject.swift in Sources */ = {isa = PBXBuildFile; fileRef = 6334957B21B86C3B00E8BA1E /* ItemObject.swift */; };
		634ADB7321B85B5400175B28 /* SearchItemCell.swift in Sources */ = {isa = PBXBuildFile; fileRef = 634ADB7221B85B5400175B28 /* SearchItemCell.swift */; };
		634AE74E21B5DE2600281FE4 /* Bogle-Bold.otf in Resources */ = {isa = PBXBuildFile; fileRef = 634AE74821B5DE2500281FE4 /* Bogle-Bold.otf */; };
		634AE74F21B5DE2600281FE4 /* Bogle-BlackItalic.otf in Resources */ = {isa = PBXBuildFile; fileRef = 634AE74921B5DE2500281FE4 /* Bogle-BlackItalic.otf */; };
		634AE75021B5DE2600281FE4 /* Bogle-Black.otf in Resources */ = {isa = PBXBuildFile; fileRef = 634AE74A21B5DE2600281FE4 /* Bogle-Black.otf */; };
		634AE75121B5DE2600281FE4 /* Bogle-BoldItalic.otf in Resources */ = {isa = PBXBuildFile; fileRef = 634AE74B21B5DE2600281FE4 /* Bogle-BoldItalic.otf */; };
		634AE75221B5DE2600281FE4 /* Bogle-Regular.otf in Resources */ = {isa = PBXBuildFile; fileRef = 634AE74C21B5DE2600281FE4 /* Bogle-Regular.otf */; };
		634AE75321B5DE2600281FE4 /* Bogle-RegularItalic.otf in Resources */ = {isa = PBXBuildFile; fileRef = 634AE74D21B5DE2600281FE4 /* Bogle-RegularItalic.otf */; };
		637E703621B846B5008A09D4 /* ItemsCell.swift in Sources */ = {isa = PBXBuildFile; fileRef = 637E703521B846B5008A09D4 /* ItemsCell.swift */; };
		639226E521ECE351007B410D /* GoogleService-Info.plist in Resources */ = {isa = PBXBuildFile; fileRef = 639226E421ECE351007B410D /* GoogleService-Info.plist */; };
		63C0A81C21B70EFA00DF0156 /* AddPersonViewController.swift in Sources */ = {isa = PBXBuildFile; fileRef = 63C0A81B21B70EFA00DF0156 /* AddPersonViewController.swift */; };
		63CA9EB921B5D8BB00DF7E70 /* AppDelegate.swift in Sources */ = {isa = PBXBuildFile; fileRef = 63CA9EB821B5D8BB00DF7E70 /* AppDelegate.swift */; };
		63CA9EBE21B5D8BB00DF7E70 /* Main.storyboard in Resources */ = {isa = PBXBuildFile; fileRef = 63CA9EBC21B5D8BB00DF7E70 /* Main.storyboard */; };
		63CA9EC021B5D8BC00DF7E70 /* Assets.xcassets in Resources */ = {isa = PBXBuildFile; fileRef = 63CA9EBF21B5D8BC00DF7E70 /* Assets.xcassets */; };
		63CA9EC321B5D8BC00DF7E70 /* LaunchScreen.storyboard in Resources */ = {isa = PBXBuildFile; fileRef = 63CA9EC121B5D8BC00DF7E70 /* LaunchScreen.storyboard */; };
/* End PBXBuildFile section */

/* Begin PBXFileReference section */
		00191382129C065425F5A961 /* Pods-WalmartWishList.release.xcconfig */ = {isa = PBXFileReference; includeInIndex = 1; lastKnownFileType = text.xcconfig; name = "Pods-WalmartWishList.release.xcconfig"; path = "Pods/Target Support Files/Pods-WalmartWishList/Pods-WalmartWishList.release.xcconfig"; sourceTree = "<group>"; };
		630BFEFA21B6B05600D30DE2 /* ListSelectionViewController.swift */ = {isa = PBXFileReference; lastKnownFileType = sourcecode.swift; path = ListSelectionViewController.swift; sourceTree = "<group>"; };
		630BFEFC21B6B17700D30DE2 /* Constants.swift */ = {isa = PBXFileReference; lastKnownFileType = sourcecode.swift; path = Constants.swift; sourceTree = "<group>"; };
		630BFEFE21B6B1E300D30DE2 /* Person.swift */ = {isa = PBXFileReference; lastKnownFileType = sourcecode.swift; path = Person.swift; sourceTree = "<group>"; };
		630BFF0021B6B2C200D30DE2 /* ListItem.swift */ = {isa = PBXFileReference; lastKnownFileType = sourcecode.swift; path = ListItem.swift; sourceTree = "<group>"; };
		630BFF0221B6D52600D30DE2 /* PersonCell.swift */ = {isa = PBXFileReference; lastKnownFileType = sourcecode.swift; path = PersonCell.swift; sourceTree = "<group>"; };
		6334957B21B86C3B00E8BA1E /* ItemObject.swift */ = {isa = PBXFileReference; lastKnownFileType = sourcecode.swift; path = ItemObject.swift; sourceTree = "<group>"; };
		634ADB7221B85B5400175B28 /* SearchItemCell.swift */ = {isa = PBXFileReference; lastKnownFileType = sourcecode.swift; path = SearchItemCell.swift; sourceTree = "<group>"; };
		634AE74821B5DE2500281FE4 /* Bogle-Bold.otf */ = {isa = PBXFileReference; lastKnownFileType = file; path = "Bogle-Bold.otf"; sourceTree = "<group>"; };
		634AE74921B5DE2500281FE4 /* Bogle-BlackItalic.otf */ = {isa = PBXFileReference; lastKnownFileType = file; path = "Bogle-BlackItalic.otf"; sourceTree = "<group>"; };
		634AE74A21B5DE2600281FE4 /* Bogle-Black.otf */ = {isa = PBXFileReference; lastKnownFileType = file; path = "Bogle-Black.otf"; sourceTree = "<group>"; };
		634AE74B21B5DE2600281FE4 /* Bogle-BoldItalic.otf */ = {isa = PBXFileReference; lastKnownFileType = file; path = "Bogle-BoldItalic.otf"; sourceTree = "<group>"; };
		634AE74C21B5DE2600281FE4 /* Bogle-Regular.otf */ = {isa = PBXFileReference; lastKnownFileType = file; path = "Bogle-Regular.otf"; sourceTree = "<group>"; };
		634AE74D21B5DE2600281FE4 /* Bogle-RegularItalic.otf */ = {isa = PBXFileReference; lastKnownFileType = file; path = "Bogle-RegularItalic.otf"; sourceTree = "<group>"; };
		637E703521B846B5008A09D4 /* ItemsCell.swift */ = {isa = PBXFileReference; lastKnownFileType = sourcecode.swift; path = ItemsCell.swift; sourceTree = "<group>"; };
		639226E421ECE351007B410D /* GoogleService-Info.plist */ = {isa = PBXFileReference; fileEncoding = 4; lastKnownFileType = text.plist.xml; path = "GoogleService-Info.plist"; sourceTree = "<group>"; };
		63C0A81B21B70EFA00DF0156 /* AddPersonViewController.swift */ = {isa = PBXFileReference; lastKnownFileType = sourcecode.swift; path = AddPersonViewController.swift; sourceTree = "<group>"; };
		63CA9EB521B5D8BB00DF7E70 /* WalmartWishList.app */ = {isa = PBXFileReference; explicitFileType = wrapper.application; includeInIndex = 0; path = WalmartWishList.app; sourceTree = BUILT_PRODUCTS_DIR; };
		63CA9EB821B5D8BB00DF7E70 /* AppDelegate.swift */ = {isa = PBXFileReference; lastKnownFileType = sourcecode.swift; path = AppDelegate.swift; sourceTree = "<group>"; };
		63CA9EBD21B5D8BB00DF7E70 /* Base */ = {isa = PBXFileReference; lastKnownFileType = file.storyboard; name = Base; path = Base.lproj/Main.storyboard; sourceTree = "<group>"; };
		63CA9EBF21B5D8BC00DF7E70 /* Assets.xcassets */ = {isa = PBXFileReference; lastKnownFileType = folder.assetcatalog; path = Assets.xcassets; sourceTree = "<group>"; };
		63CA9EC221B5D8BC00DF7E70 /* Base */ = {isa = PBXFileReference; lastKnownFileType = file.storyboard; name = Base; path = Base.lproj/LaunchScreen.storyboard; sourceTree = "<group>"; };
		63CA9EC421B5D8BC00DF7E70 /* Info.plist */ = {isa = PBXFileReference; lastKnownFileType = text.plist.xml; path = Info.plist; sourceTree = "<group>"; };
		F73FA41137072B987E5F84F3 /* Pods-WalmartWishList.debug.xcconfig */ = {isa = PBXFileReference; includeInIndex = 1; lastKnownFileType = text.xcconfig; name = "Pods-WalmartWishList.debug.xcconfig"; path = "Pods/Target Support Files/Pods-WalmartWishList/Pods-WalmartWishList.debug.xcconfig"; sourceTree = "<group>"; };
		F7416D87F2C912E1D3AE7490 /* Pods_WalmartWishList.framework */ = {isa = PBXFileReference; explicitFileType = wrapper.framework; includeInIndex = 0; path = Pods_WalmartWishList.framework; sourceTree = BUILT_PRODUCTS_DIR; };
/* End PBXFileReference section */

/* Begin PBXFrameworksBuildPhase section */
		63CA9EB221B5D8BB00DF7E70 /* Frameworks */ = {
			isa = PBXFrameworksBuildPhase;
			buildActionMask = 2147483647;
			files = (
				0FDB54B9AF451DEF15F08A95 /* Pods_WalmartWishList.framework in Frameworks */,
			);
			runOnlyForDeploymentPostprocessing = 0;
		};
/* End PBXFrameworksBuildPhase section */

/* Begin PBXGroup section */
		634AE74721B5DDFC00281FE4 /* Fonts */ = {
			isa = PBXGroup;
			children = (
				634AE74A21B5DE2600281FE4 /* Bogle-Black.otf */,
				634AE74921B5DE2500281FE4 /* Bogle-BlackItalic.otf */,
				634AE74821B5DE2500281FE4 /* Bogle-Bold.otf */,
				634AE74B21B5DE2600281FE4 /* Bogle-BoldItalic.otf */,
				634AE74C21B5DE2600281FE4 /* Bogle-Regular.otf */,
				634AE74D21B5DE2600281FE4 /* Bogle-RegularItalic.otf */,
			);
			path = Fonts;
			sourceTree = "<group>";
		};
		637E703221B83B54008A09D4 /* Cells */ = {
			isa = PBXGroup;
			children = (
				637E703521B846B5008A09D4 /* ItemsCell.swift */,
				630BFF0221B6D52600D30DE2 /* PersonCell.swift */,
				634ADB7221B85B5400175B28 /* SearchItemCell.swift */,
			);
			path = Cells;
			sourceTree = "<group>";
		};
		63CA9EAC21B5D8BB00DF7E70 = {
			isa = PBXGroup;
			children = (
				63CA9EB721B5D8BB00DF7E70 /* WalmartWishList */,
				639226E421ECE351007B410D /* GoogleService-Info.plist */,
				63CA9EB621B5D8BB00DF7E70 /* Products */,
				DD0AB2E64C2C2DA060EA9546 /* Pods */,
				A6CF1BF64C31441CA9681612 /* Frameworks */,
			);
			sourceTree = "<group>";
		};
		63CA9EB621B5D8BB00DF7E70 /* Products */ = {
			isa = PBXGroup;
			children = (
				63CA9EB521B5D8BB00DF7E70 /* WalmartWishList.app */,
			);
			name = Products;
			sourceTree = "<group>";
		};
		63CA9EB721B5D8BB00DF7E70 /* WalmartWishList */ = {
			isa = PBXGroup;
			children = (
				63CA9ECE21B5D91D00DF7E70 /* Model */,
				63CA9ECD21B5D91600DF7E70 /* View */,
				63CA9ECC21B5D90D00DF7E70 /* Controller */,
				63CA9ECA21B5D8C500DF7E70 /* Supporting Files */,
			);
			path = WalmartWishList;
			sourceTree = "<group>";
		};
		63CA9ECA21B5D8C500DF7E70 /* Supporting Files */ = {
			isa = PBXGroup;
			children = (
				634AE74721B5DDFC00281FE4 /* Fonts */,
				63CA9EB821B5D8BB00DF7E70 /* AppDelegate.swift */,
				63CA9EBF21B5D8BC00DF7E70 /* Assets.xcassets */,
				63CA9EC421B5D8BC00DF7E70 /* Info.plist */,
			);
			path = "Supporting Files";
			sourceTree = "<group>";
		};
		63CA9ECB21B5D8FE00DF7E70 /* Storyboards */ = {
			isa = PBXGroup;
			children = (
				63CA9EC121B5D8BC00DF7E70 /* LaunchScreen.storyboard */,
				63CA9EBC21B5D8BB00DF7E70 /* Main.storyboard */,
			);
			path = Storyboards;
			sourceTree = "<group>";
		};
		63CA9ECC21B5D90D00DF7E70 /* Controller */ = {
			isa = PBXGroup;
			children = (
				63C0A81B21B70EFA00DF0156 /* AddPersonViewController.swift */,
				630BFEFA21B6B05600D30DE2 /* ListSelectionViewController.swift */,
			);
			path = Controller;
			sourceTree = "<group>";
		};
		63CA9ECD21B5D91600DF7E70 /* View */ = {
			isa = PBXGroup;
			children = (
				637E703221B83B54008A09D4 /* Cells */,
				63CA9ECB21B5D8FE00DF7E70 /* Storyboards */,
			);
			path = View;
			sourceTree = "<group>";
		};
		63CA9ECE21B5D91D00DF7E70 /* Model */ = {
			isa = PBXGroup;
			children = (
				630BFEFC21B6B17700D30DE2 /* Constants.swift */,
				6334957B21B86C3B00E8BA1E /* ItemObject.swift */,
				630BFF0021B6B2C200D30DE2 /* ListItem.swift */,
				630BFEFE21B6B1E300D30DE2 /* Person.swift */,
			);
			path = Model;
			sourceTree = "<group>";
		};
		A6CF1BF64C31441CA9681612 /* Frameworks */ = {
			isa = PBXGroup;
			children = (
				F7416D87F2C912E1D3AE7490 /* Pods_WalmartWishList.framework */,
			);
			name = Frameworks;
			sourceTree = "<group>";
		};
		DD0AB2E64C2C2DA060EA9546 /* Pods */ = {
			isa = PBXGroup;
			children = (
				F73FA41137072B987E5F84F3 /* Pods-WalmartWishList.debug.xcconfig */,
				00191382129C065425F5A961 /* Pods-WalmartWishList.release.xcconfig */,
			);
			name = Pods;
			sourceTree = "<group>";
		};
/* End PBXGroup section */

/* Begin PBXNativeTarget section */
		63CA9EB421B5D8BB00DF7E70 /* WalmartWishList */ = {
			isa = PBXNativeTarget;
			buildConfigurationList = 63CA9EC721B5D8BC00DF7E70 /* Build configuration list for PBXNativeTarget "WalmartWishList" */;
			buildPhases = (
				C6EC858F86025F2C8F52CAAA /* [CP] Check Pods Manifest.lock */,
				63CA9EB121B5D8BB00DF7E70 /* Sources */,
				63CA9EB221B5D8BB00DF7E70 /* Frameworks */,
				63CA9EB321B5D8BB00DF7E70 /* Resources */,
				82A9B53F66F4B4C1D9E9E84A /* [CP] Embed Pods Frameworks */,
				75AD5AE51A8576E5CF0040D7 /* [CP] Copy Pods Resources */,
			);
			buildRules = (
			);
			dependencies = (
			);
			name = WalmartWishList;
			productName = WalmartWishList;
			productReference = 63CA9EB521B5D8BB00DF7E70 /* WalmartWishList.app */;
			productType = "com.apple.product-type.application";
		};
/* End PBXNativeTarget section */

/* Begin PBXProject section */
		63CA9EAD21B5D8BB00DF7E70 /* Project object */ = {
			isa = PBXProject;
			attributes = {
				LastSwiftUpdateCheck = 1010;
				LastUpgradeCheck = 1010;
				ORGANIZATIONNAME = "Chad A. Rutherford";
				TargetAttributes = {
					63CA9EB421B5D8BB00DF7E70 = {
						CreatedOnToolsVersion = 10.1;
					};
				};
			};
			buildConfigurationList = 63CA9EB021B5D8BB00DF7E70 /* Build configuration list for PBXProject "WalmartWishList" */;
			compatibilityVersion = "Xcode 9.3";
			developmentRegion = en;
			hasScannedForEncodings = 0;
			knownRegions = (
				en,
				Base,
			);
			mainGroup = 63CA9EAC21B5D8BB00DF7E70;
			productRefGroup = 63CA9EB621B5D8BB00DF7E70 /* Products */;
			projectDirPath = "";
			projectRoot = "";
			targets = (
				63CA9EB421B5D8BB00DF7E70 /* WalmartWishList */,
			);
		};
/* End PBXProject section */

/* Begin PBXResourcesBuildPhase section */
		63CA9EB321B5D8BB00DF7E70 /* Resources */ = {
			isa = PBXResourcesBuildPhase;
			buildActionMask = 2147483647;
			files = (
				634AE75221B5DE2600281FE4 /* Bogle-Regular.otf in Resources */,
				634AE74E21B5DE2600281FE4 /* Bogle-Bold.otf in Resources */,
				634AE75021B5DE2600281FE4 /* Bogle-Black.otf in Resources */,
				634AE75321B5DE2600281FE4 /* Bogle-RegularItalic.otf in Resources */,
				634AE74F21B5DE2600281FE4 /* Bogle-BlackItalic.otf in Resources */,
				63CA9EC321B5D8BC00DF7E70 /* LaunchScreen.storyboard in Resources */,
				634AE75121B5DE2600281FE4 /* Bogle-BoldItalic.otf in Resources */,
				63CA9EC021B5D8BC00DF7E70 /* Assets.xcassets in Resources */,
				63CA9EBE21B5D8BB00DF7E70 /* Main.storyboard in Resources */,
				639226E521ECE351007B410D /* GoogleService-Info.plist in Resources */,
			);
			runOnlyForDeploymentPostprocessing = 0;
		};
/* End PBXResourcesBuildPhase section */

/* Begin PBXShellScriptBuildPhase section */
		75AD5AE51A8576E5CF0040D7 /* [CP] Copy Pods Resources */ = {
			isa = PBXShellScriptBuildPhase;
			buildActionMask = 2147483647;
			files = (
			);
			inputFileListPaths = (
			);
			inputPaths = (
				"${SRCROOT}/Pods/Target Support Files/Pods-WalmartWishList/Pods-WalmartWishList-resources.sh",
				"${PODS_CONFIGURATION_BUILD_DIR}/FirebaseFirestore/gRPCCertificates.bundle",
			);
			name = "[CP] Copy Pods Resources";
			outputFileListPaths = (
			);
			outputPaths = (
				"${TARGET_BUILD_DIR}/${UNLOCALIZED_RESOURCES_FOLDER_PATH}/gRPCCertificates.bundle",
			);
			runOnlyForDeploymentPostprocessing = 0;
			shellPath = /bin/sh;
			shellScript = "\"${SRCROOT}/Pods/Target Support Files/Pods-WalmartWishList/Pods-WalmartWishList-resources.sh\"\n";
			showEnvVarsInLog = 0;
		};
		82A9B53F66F4B4C1D9E9E84A /* [CP] Embed Pods Frameworks */ = {
			isa = PBXShellScriptBuildPhase;
			buildActionMask = 2147483647;
			files = (
			);
			inputFileListPaths = (
			);
			inputPaths = (
				"${SRCROOT}/Pods/Target Support Files/Pods-WalmartWishList/Pods-WalmartWishList-frameworks.sh",
				"${BUILT_PRODUCTS_DIR}/BoringSSL/openssl.framework",
				"${BUILT_PRODUCTS_DIR}/CodableFirebase/CodableFirebase.framework",
				"${BUILT_PRODUCTS_DIR}/GTMSessionFetcher/GTMSessionFetcher.framework",
				"${BUILT_PRODUCTS_DIR}/GoogleUtilities/GoogleUtilities.framework",
				"${BUILT_PRODUCTS_DIR}/Protobuf/Protobuf.framework",
				"${BUILT_PRODUCTS_DIR}/gRPC-C++/grpcpp.framework",
				"${BUILT_PRODUCTS_DIR}/gRPC-Core/grpc.framework",
				"${BUILT_PRODUCTS_DIR}/leveldb-library/leveldb.framework",
				"${BUILT_PRODUCTS_DIR}/nanopb/nanopb.framework",
			);
			name = "[CP] Embed Pods Frameworks";
			outputFileListPaths = (
			);
			outputPaths = (
				"${TARGET_BUILD_DIR}/${FRAMEWORKS_FOLDER_PATH}/openssl.framework",
				"${TARGET_BUILD_DIR}/${FRAMEWORKS_FOLDER_PATH}/CodableFirebase.framework",
				"${TARGET_BUILD_DIR}/${FRAMEWORKS_FOLDER_PATH}/GTMSessionFetcher.framework",
				"${TARGET_BUILD_DIR}/${FRAMEWORKS_FOLDER_PATH}/GoogleUtilities.framework",
				"${TARGET_BUILD_DIR}/${FRAMEWORKS_FOLDER_PATH}/Protobuf.framework",
				"${TARGET_BUILD_DIR}/${FRAMEWORKS_FOLDER_PATH}/grpcpp.framework",
				"${TARGET_BUILD_DIR}/${FRAMEWORKS_FOLDER_PATH}/grpc.framework",
				"${TARGET_BUILD_DIR}/${FRAMEWORKS_FOLDER_PATH}/leveldb.framework",
				"${TARGET_BUILD_DIR}/${FRAMEWORKS_FOLDER_PATH}/nanopb.framework",
			);
			runOnlyForDeploymentPostprocessing = 0;
			shellPath = /bin/sh;
			shellScript = "\"${SRCROOT}/Pods/Target Support Files/Pods-WalmartWishList/Pods-WalmartWishList-frameworks.sh\"\n";
			showEnvVarsInLog = 0;
		};
		C6EC858F86025F2C8F52CAAA /* [CP] Check Pods Manifest.lock */ = {
			isa = PBXShellScriptBuildPhase;
			buildActionMask = 2147483647;
			files = (
			);
			inputFileListPaths = (
			);
			inputPaths = (
				"${PODS_PODFILE_DIR_PATH}/Podfile.lock",
				"${PODS_ROOT}/Manifest.lock",
			);
			name = "[CP] Check Pods Manifest.lock";
			outputFileListPaths = (
			);
			outputPaths = (
				"$(DERIVED_FILE_DIR)/Pods-WalmartWishList-checkManifestLockResult.txt",
			);
			runOnlyForDeploymentPostprocessing = 0;
			shellPath = /bin/sh;
			shellScript = "diff \"${PODS_PODFILE_DIR_PATH}/Podfile.lock\" \"${PODS_ROOT}/Manifest.lock\" > /dev/null\nif [ $? != 0 ] ; then\n    # print error to STDERR\n    echo \"error: The sandbox is not in sync with the Podfile.lock. Run 'pod install' or update your CocoaPods installation.\" >&2\n    exit 1\nfi\n# This output is used by Xcode 'outputs' to avoid re-running this script phase.\necho \"SUCCESS\" > \"${SCRIPT_OUTPUT_FILE_0}\"\n";
			showEnvVarsInLog = 0;
		};
/* End PBXShellScriptBuildPhase section */

/* Begin PBXSourcesBuildPhase section */
		63CA9EB121B5D8BB00DF7E70 /* Sources */ = {
			isa = PBXSourcesBuildPhase;
			buildActionMask = 2147483647;
			files = (
				637E703621B846B5008A09D4 /* ItemsCell.swift in Sources */,
				6334957C21B86C3B00E8BA1E /* ItemObject.swift in Sources */,
				634ADB7321B85B5400175B28 /* SearchItemCell.swift in Sources */,
				630BFF0321B6D52600D30DE2 /* PersonCell.swift in Sources */,
				630BFF0121B6B2C200D30DE2 /* ListItem.swift in Sources */,
				63CA9EB921B5D8BB00DF7E70 /* AppDelegate.swift in Sources */,
				630BFEFB21B6B05600D30DE2 /* ListSelectionViewController.swift in Sources */,
				630BFEFF21B6B1E300D30DE2 /* Person.swift in Sources */,
				630BFEFD21B6B17700D30DE2 /* Constants.swift in Sources */,
				63C0A81C21B70EFA00DF0156 /* AddPersonViewController.swift in Sources */,
			);
			runOnlyForDeploymentPostprocessing = 0;
		};
/* End PBXSourcesBuildPhase section */

/* Begin PBXVariantGroup section */
		63CA9EBC21B5D8BB00DF7E70 /* Main.storyboard */ = {
			isa = PBXVariantGroup;
			children = (
				63CA9EBD21B5D8BB00DF7E70 /* Base */,
			);
			name = Main.storyboard;
			sourceTree = "<group>";
		};
		63CA9EC121B5D8BC00DF7E70 /* LaunchScreen.storyboard */ = {
			isa = PBXVariantGroup;
			children = (
				63CA9EC221B5D8BC00DF7E70 /* Base */,
			);
			name = LaunchScreen.storyboard;
			sourceTree = "<group>";
		};
/* End PBXVariantGroup section */

/* Begin XCBuildConfiguration section */
		63CA9EC521B5D8BC00DF7E70 /* Debug */ = {
			isa = XCBuildConfiguration;
			buildSettings = {
				ALWAYS_SEARCH_USER_PATHS = NO;
				CLANG_ANALYZER_NONNULL = YES;
				CLANG_ANALYZER_NUMBER_OBJECT_CONVERSION = YES_AGGRESSIVE;
				CLANG_CXX_LANGUAGE_STANDARD = "gnu++14";
				CLANG_CXX_LIBRARY = "libc++";
				CLANG_ENABLE_MODULES = YES;
				CLANG_ENABLE_OBJC_ARC = YES;
				CLANG_ENABLE_OBJC_WEAK = YES;
				CLANG_WARN_BLOCK_CAPTURE_AUTORELEASING = YES;
				CLANG_WARN_BOOL_CONVERSION = YES;
				CLANG_WARN_COMMA = YES;
				CLANG_WARN_CONSTANT_CONVERSION = YES;
				CLANG_WARN_DEPRECATED_OBJC_IMPLEMENTATIONS = YES;
				CLANG_WARN_DIRECT_OBJC_ISA_USAGE = YES_ERROR;
				CLANG_WARN_DOCUMENTATION_COMMENTS = YES;
				CLANG_WARN_EMPTY_BODY = YES;
				CLANG_WARN_ENUM_CONVERSION = YES;
				CLANG_WARN_INFINITE_RECURSION = YES;
				CLANG_WARN_INT_CONVERSION = YES;
				CLANG_WARN_NON_LITERAL_NULL_CONVERSION = YES;
				CLANG_WARN_OBJC_IMPLICIT_RETAIN_SELF = YES;
				CLANG_WARN_OBJC_LITERAL_CONVERSION = YES;
				CLANG_WARN_OBJC_ROOT_CLASS = YES_ERROR;
				CLANG_WARN_RANGE_LOOP_ANALYSIS = YES;
				CLANG_WARN_STRICT_PROTOTYPES = YES;
				CLANG_WARN_SUSPICIOUS_MOVE = YES;
				CLANG_WARN_UNGUARDED_AVAILABILITY = YES_AGGRESSIVE;
				CLANG_WARN_UNREACHABLE_CODE = YES;
				CLANG_WARN__DUPLICATE_METHOD_MATCH = YES;
				CODE_SIGN_IDENTITY = "iPhone Developer";
				COPY_PHASE_STRIP = NO;
				DEBUG_INFORMATION_FORMAT = dwarf;
				ENABLE_STRICT_OBJC_MSGSEND = YES;
				ENABLE_TESTABILITY = YES;
				GCC_C_LANGUAGE_STANDARD = gnu11;
				GCC_DYNAMIC_NO_PIC = NO;
				GCC_NO_COMMON_BLOCKS = YES;
				GCC_OPTIMIZATION_LEVEL = 0;
				GCC_PREPROCESSOR_DEFINITIONS = (
					"DEBUG=1",
					"$(inherited)",
				);
				GCC_WARN_64_TO_32_BIT_CONVERSION = YES;
				GCC_WARN_ABOUT_RETURN_TYPE = YES_ERROR;
				GCC_WARN_UNDECLARED_SELECTOR = YES;
				GCC_WARN_UNINITIALIZED_AUTOS = YES_AGGRESSIVE;
				GCC_WARN_UNUSED_FUNCTION = YES;
				GCC_WARN_UNUSED_VARIABLE = YES;
				IPHONEOS_DEPLOYMENT_TARGET = 12.1;
				MTL_ENABLE_DEBUG_INFO = INCLUDE_SOURCE;
				MTL_FAST_MATH = YES;
				ONLY_ACTIVE_ARCH = YES;
				SDKROOT = iphoneos;
				SWIFT_ACTIVE_COMPILATION_CONDITIONS = DEBUG;
				SWIFT_OPTIMIZATION_LEVEL = "-Onone";
			};
			name = Debug;
		};
		63CA9EC621B5D8BC00DF7E70 /* Release */ = {
			isa = XCBuildConfiguration;
			buildSettings = {
				ALWAYS_SEARCH_USER_PATHS = NO;
				CLANG_ANALYZER_NONNULL = YES;
				CLANG_ANALYZER_NUMBER_OBJECT_CONVERSION = YES_AGGRESSIVE;
				CLANG_CXX_LANGUAGE_STANDARD = "gnu++14";
				CLANG_CXX_LIBRARY = "libc++";
				CLANG_ENABLE_MODULES = YES;
				CLANG_ENABLE_OBJC_ARC = YES;
				CLANG_ENABLE_OBJC_WEAK = YES;
				CLANG_WARN_BLOCK_CAPTURE_AUTORELEASING = YES;
				CLANG_WARN_BOOL_CONVERSION = YES;
				CLANG_WARN_COMMA = YES;
				CLANG_WARN_CONSTANT_CONVERSION = YES;
				CLANG_WARN_DEPRECATED_OBJC_IMPLEMENTATIONS = YES;
				CLANG_WARN_DIRECT_OBJC_ISA_USAGE = YES_ERROR;
				CLANG_WARN_DOCUMENTATION_COMMENTS = YES;
				CLANG_WARN_EMPTY_BODY = YES;
				CLANG_WARN_ENUM_CONVERSION = YES;
				CLANG_WARN_INFINITE_RECURSION = YES;
				CLANG_WARN_INT_CONVERSION = YES;
				CLANG_WARN_NON_LITERAL_NULL_CONVERSION = YES;
				CLANG_WARN_OBJC_IMPLICIT_RETAIN_SELF = YES;
				CLANG_WARN_OBJC_LITERAL_CONVERSION = YES;
				CLANG_WARN_OBJC_ROOT_CLASS = YES_ERROR;
				CLANG_WARN_RANGE_LOOP_ANALYSIS = YES;
				CLANG_WARN_STRICT_PROTOTYPES = YES;
				CLANG_WARN_SUSPICIOUS_MOVE = YES;
				CLANG_WARN_UNGUARDED_AVAILABILITY = YES_AGGRESSIVE;
				CLANG_WARN_UNREACHABLE_CODE = YES;
				CLANG_WARN__DUPLICATE_METHOD_MATCH = YES;
				CODE_SIGN_IDENTITY = "iPhone Developer";
				COPY_PHASE_STRIP = NO;
				DEBUG_INFORMATION_FORMAT = "dwarf-with-dsym";
				ENABLE_NS_ASSERTIONS = NO;
				ENABLE_STRICT_OBJC_MSGSEND = YES;
				GCC_C_LANGUAGE_STANDARD = gnu11;
				GCC_NO_COMMON_BLOCKS = YES;
				GCC_WARN_64_TO_32_BIT_CONVERSION = YES;
				GCC_WARN_ABOUT_RETURN_TYPE = YES_ERROR;
				GCC_WARN_UNDECLARED_SELECTOR = YES;
				GCC_WARN_UNINITIALIZED_AUTOS = YES_AGGRESSIVE;
				GCC_WARN_UNUSED_FUNCTION = YES;
				GCC_WARN_UNUSED_VARIABLE = YES;
				IPHONEOS_DEPLOYMENT_TARGET = 12.1;
				MTL_ENABLE_DEBUG_INFO = NO;
				MTL_FAST_MATH = YES;
				SDKROOT = iphoneos;
				SWIFT_COMPILATION_MODE = wholemodule;
				SWIFT_OPTIMIZATION_LEVEL = "-O";
				VALIDATE_PRODUCT = YES;
			};
			name = Release;
		};
		63CA9EC821B5D8BC00DF7E70 /* Debug */ = {
			isa = XCBuildConfiguration;
			baseConfigurationReference = F73FA41137072B987E5F84F3 /* Pods-WalmartWishList.debug.xcconfig */;
			buildSettings = {
				ASSETCATALOG_COMPILER_APPICON_NAME = AppIcon;
				CODE_SIGN_STYLE = Automatic;
				DEVELOPMENT_TEAM = P7DFWNNEL3;
				INFOPLIST_FILE = "$(SRCROOT)/WalmartWishList/Supporting Files/Info.plist";
				LD_RUNPATH_SEARCH_PATHS = (
					"$(inherited)",
					"@executable_path/Frameworks",
				);
				PRODUCT_BUNDLE_IDENTIFIER = com.chadarutherford.WalmartWishList;
				PRODUCT_NAME = "$(TARGET_NAME)";
				SWIFT_VERSION = 4.2;
				TARGETED_DEVICE_FAMILY = "1,2";
			};
			name = Debug;
		};
		63CA9EC921B5D8BC00DF7E70 /* Release */ = {
			isa = XCBuildConfiguration;
			baseConfigurationReference = 00191382129C065425F5A961 /* Pods-WalmartWishList.release.xcconfig */;
			buildSettings = {
				ASSETCATALOG_COMPILER_APPICON_NAME = AppIcon;
				CODE_SIGN_STYLE = Automatic;
				DEVELOPMENT_TEAM = P7DFWNNEL3;
				INFOPLIST_FILE = "$(SRCROOT)/WalmartWishList/Supporting Files/Info.plist";
				LD_RUNPATH_SEARCH_PATHS = (
					"$(inherited)",
					"@executable_path/Frameworks",
				);
				PRODUCT_BUNDLE_IDENTIFIER = com.chadarutherford.WalmartWishList;
				PRODUCT_NAME = "$(TARGET_NAME)";
				SWIFT_VERSION = 4.2;
				TARGETED_DEVICE_FAMILY = "1,2";
			};
			name = Release;
		};
/* End XCBuildConfiguration section */

/* Begin XCConfigurationList section */
		63CA9EB021B5D8BB00DF7E70 /* Build configuration list for PBXProject "WalmartWishList" */ = {
			isa = XCConfigurationList;
			buildConfigurations = (
				63CA9EC521B5D8BC00DF7E70 /* Debug */,
				63CA9EC621B5D8BC00DF7E70 /* Release */,
			);
			defaultConfigurationIsVisible = 0;
			defaultConfigurationName = Release;
		};
		63CA9EC721B5D8BC00DF7E70 /* Build configuration list for PBXNativeTarget "WalmartWishList" */ = {
			isa = XCConfigurationList;
			buildConfigurations = (
				63CA9EC821B5D8BC00DF7E70 /* Debug */,
				63CA9EC921B5D8BC00DF7E70 /* Release */,
			);
			defaultConfigurationIsVisible = 0;
			defaultConfigurationName = Release;
		};
/* End XCConfigurationList section */
	};
	rootObject = 63CA9EAD21B5D8BB00DF7E70 /* Project object */;
}
